
Microsoft Visual Studio Solution File, Format Version 12.00
# Visual Studio Version 17
VisualStudioVersion = 17.5.002.0
MinimumVisualStudioVersion = 10.0.40219.1
Project("{9A19103F-16F7-4668-BE54-9A1E7A4F7556}") = "NguyenXuanBao_PTPMQL", "NguyenXuanBao_PTPMQL.csproj", "{31F7EF23-3378-4600-BB2B-E61B55954837}"
EndProject
Project("{9A19103F-16F7-4668-BE54-9A1E7A4F7556}") = "NguyenXuanBao_PTPMQL (1)", "NguyenXuanBao_PTPMQL\NguyenXuanBao_PTPMQL.csproj", "{FA1C730A-0314-4BB4-8C65-4A52CEA5ABCD}"
EndProject
Global
	GlobalSection(SolutionConfigurationPlatforms) = preSolution
		Debug|Any CPU = Debug|Any CPU
		Release|Any CPU = Release|Any CPU
	EndGlobalSection
	GlobalSection(ProjectConfigurationPlatforms) = postSolution
		{31F7EF23-3378-4600-BB2B-E61B55954837}.Debug|Any CPU.ActiveCfg = Debug|Any CPU
		{31F7EF23-3378-4600-BB2B-E61B55954837}.Debug|Any CPU.Build.0 = Debug|Any CPU
		{31F7EF23-3378-4600-BB2B-E61B55954837}.Release|Any CPU.ActiveCfg = Release|Any CPU
		{31F7EF23-3378-4600-BB2B-E61B55954837}.Release|Any CPU.Build.0 = Release|Any CPU
		{FA1C730A-0314-4BB4-8C65-4A52CEA5ABCD}.Debug|Any CPU.ActiveCfg = Debug|Any CPU
		{FA1C730A-0314-4BB4-8C65-4A52CEA5ABCD}.Debug|Any CPU.Build.0 = Debug|Any CPU
		{FA1C730A-0314-4BB4-8C65-4A52CEA5ABCD}.Release|Any CPU.ActiveCfg = Release|Any CPU
		{FA1C730A-0314-4BB4-8C65-4A52CEA5ABCD}.Release|Any CPU.Build.0 = Release|Any CPU
	EndGlobalSection
	GlobalSection(SolutionProperties) = preSolution
		HideSolutionNode = FALSE
	EndGlobalSection
	GlobalSection(ExtensibilityGlobals) = postSolution
		SolutionGuid = {E6E6C3E0-1138-4184-BD83-8ED96DC5A96F}
	EndGlobalSection
EndGlobal
